// !$*UTF8*$!
{
	archiveVersion = 1;
	classes = {
	};
	objectVersion = 56;
	objects = {

/* Begin PBXBuildFile section */
		53B5646D2CABE4BD001D2E50 /* AppDelegate.swift in Sources */ = {isa = PBXBuildFile; fileRef = 53B5646C2CABE4BD001D2E50 /* AppDelegate.swift */; };
		53B5646F2CABE4BD001D2E50 /* SceneDelegate.swift in Sources */ = {isa = PBXBuildFile; fileRef = 53B5646E2CABE4BD001D2E50 /* SceneDelegate.swift */; };
		53B564742CABE4BD001D2E50 /* Base in Resources */ = {isa = PBXBuildFile; fileRef = 53B564732CABE4BD001D2E50 /* Base */; };
		53B564762CABE4BE001D2E50 /* Assets.xcassets in Resources */ = {isa = PBXBuildFile; fileRef = 53B564752CABE4BE001D2E50 /* Assets.xcassets */; };
		53B564792CABE4BE001D2E50 /* Base in Resources */ = {isa = PBXBuildFile; fileRef = 53B564782CABE4BE001D2E50 /* Base */; };
		53B564842CABE4BF001D2E50 /* EmojiDictTests.swift in Sources */ = {isa = PBXBuildFile; fileRef = 53B564832CABE4BF001D2E50 /* EmojiDictTests.swift */; };
		53B5648E2CABE4BF001D2E50 /* EmojiDictUITests.swift in Sources */ = {isa = PBXBuildFile; fileRef = 53B5648D2CABE4BF001D2E50 /* EmojiDictUITests.swift */; };
		53B564902CABE4BF001D2E50 /* EmojiDictUITestsLaunchTests.swift in Sources */ = {isa = PBXBuildFile; fileRef = 53B5648F2CABE4BF001D2E50 /* EmojiDictUITestsLaunchTests.swift */; };
		53B5649F2CABEB3E001D2E50 /* EmojiTableTableViewController.swift in Sources */ = {isa = PBXBuildFile; fileRef = 53B5649E2CABEB3E001D2E50 /* EmojiTableTableViewController.swift */; };
		53B564A12CABED65001D2E50 /* Emoji.swift in Sources */ = {isa = PBXBuildFile; fileRef = 53B564A02CABED65001D2E50 /* Emoji.swift */; };
/* End PBXBuildFile section */

/* Begin PBXContainerItemProxy section */
		53B564802CABE4BF001D2E50 /* PBXContainerItemProxy */ = {
			isa = PBXContainerItemProxy;
			containerPortal = 53B564612CABE4BD001D2E50 /* Project object */;
			proxyType = 1;
			remoteGlobalIDString = 53B564682CABE4BD001D2E50;
			remoteInfo = EmojiDict;
		};
		53B5648A2CABE4BF001D2E50 /* PBXContainerItemProxy */ = {
			isa = PBXContainerItemProxy;
			containerPortal = 53B564612CABE4BD001D2E50 /* Project object */;
			proxyType = 1;
			remoteGlobalIDString = 53B564682CABE4BD001D2E50;
			remoteInfo = EmojiDict;
		};
/* End PBXContainerItemProxy section */

/* Begin PBXFileReference section */
		53B564692CABE4BD001D2E50 /* EmojiDict.app */ = {isa = PBXFileReference; explicitFileType = wrapper.application; includeInIndex = 0; path = EmojiDict.app; sourceTree = BUILT_PRODUCTS_DIR; };
		53B5646C2CABE4BD001D2E50 /* AppDelegate.swift */ = {isa = PBXFileReference; lastKnownFileType = sourcecode.swift; path = AppDelegate.swift; sourceTree = "<group>"; };
		53B5646E2CABE4BD001D2E50 /* SceneDelegate.swift */ = {isa = PBXFileReference; lastKnownFileType = sourcecode.swift; path = SceneDelegate.swift; sourceTree = "<group>"; };
		53B564732CABE4BD001D2E50 /* Base */ = {isa = PBXFileReference; lastKnownFileType = file.storyboard; name = Base; path = Base.lproj/Main.storyboard; sourceTree = "<group>"; };
		53B564752CABE4BE001D2E50 /* Assets.xcassets */ = {isa = PBXFileReference; lastKnownFileType = folder.assetcatalog; path = Assets.xcassets; sourceTree = "<group>"; };
		53B564782CABE4BE001D2E50 /* Base */ = {isa = PBXFileReference; lastKnownFileType = file.storyboard; name = Base; path = Base.lproj/LaunchScreen.storyboard; sourceTree = "<group>"; };
		53B5647A2CABE4BE001D2E50 /* Info.plist */ = {isa = PBXFileReference; lastKnownFileType = text.plist.xml; path = Info.plist; sourceTree = "<group>"; };
		53B5647F2CABE4BF001D2E50 /* EmojiDictTests.xctest */ = {isa = PBXFileReference; explicitFileType = wrapper.cfbundle; includeInIndex = 0; path = EmojiDictTests.xctest; sourceTree = BUILT_PRODUCTS_DIR; };
		53B564832CABE4BF001D2E50 /* EmojiDictTests.swift */ = {isa = PBXFileReference; lastKnownFileType = sourcecode.swift; path = EmojiDictTests.swift; sourceTree = "<group>"; };
		53B564892CABE4BF001D2E50 /* EmojiDictUITests.xctest */ = {isa = PBXFileReference; explicitFileType = wrapper.cfbundle; includeInIndex = 0; path = EmojiDictUITests.xctest; sourceTree = BUILT_PRODUCTS_DIR; };
		53B5648D2CABE4BF001D2E50 /* EmojiDictUITests.swift */ = {isa = PBXFileReference; lastKnownFileType = sourcecode.swift; path = EmojiDictUITests.swift; sourceTree = "<group>"; };
		53B5648F2CABE4BF001D2E50 /* EmojiDictUITestsLaunchTests.swift */ = {isa = PBXFileReference; lastKnownFileType = sourcecode.swift; path = EmojiDictUITestsLaunchTests.swift; sourceTree = "<group>"; };
		53B5649E2CABEB3E001D2E50 /* EmojiTableTableViewController.swift */ = {isa = PBXFileReference; lastKnownFileType = sourcecode.swift; path = EmojiTableTableViewController.swift; sourceTree = "<group>"; };
		53B564A02CABED65001D2E50 /* Emoji.swift */ = {isa = PBXFileReference; lastKnownFileType = sourcecode.swift; path = Emoji.swift; sourceTree = "<group>"; };
/* End PBXFileReference section */

/* Begin PBXFrameworksBuildPhase section */
		53B564662CABE4BD001D2E50 /* Frameworks */ = {
			isa = PBXFrameworksBuildPhase;
			buildActionMask = 2147483647;
			files = (
			);
			runOnlyForDeploymentPostprocessing = 0;
		};
		53B5647C2CABE4BF001D2E50 /* Frameworks */ = {
			isa = PBXFrameworksBuildPhase;
			buildActionMask = 2147483647;
			files = (
			);
			runOnlyForDeploymentPostprocessing = 0;
		};
		53B564862CABE4BF001D2E50 /* Frameworks */ = {
			isa = PBXFrameworksBuildPhase;
			buildActionMask = 2147483647;
			files = (
			);
			runOnlyForDeploymentPostprocessing = 0;
		};
/* End PBXFrameworksBuildPhase section */

/* Begin PBXGroup section */
		53B564602CABE4BD001D2E50 = {
			isa = PBXGroup;
			children = (
				53B5646B2CABE4BD001D2E50 /* EmojiDict */,
				53B564822CABE4BF001D2E50 /* EmojiDictTests */,
				53B5648C2CABE4BF001D2E50 /* EmojiDictUITests */,
				53B5646A2CABE4BD001D2E50 /* Products */,
			);
			sourceTree = "<group>";
		};
		53B5646A2CABE4BD001D2E50 /* Products */ = {
			isa = PBXGroup;
			children = (
				53B564692CABE4BD001D2E50 /* EmojiDict.app */,
				53B5647F2CABE4BF001D2E50 /* EmojiDictTests.xctest */,
				53B564892CABE4BF001D2E50 /* EmojiDictUITests.xctest */,
			);
			name = Products;
			sourceTree = "<group>";
		};
		53B5646B2CABE4BD001D2E50 /* EmojiDict */ = {
			isa = PBXGroup;
			children = (
				53B5646C2CABE4BD001D2E50 /* AppDelegate.swift */,
				53B5646E2CABE4BD001D2E50 /* SceneDelegate.swift */,
				53B564722CABE4BD001D2E50 /* Main.storyboard */,
				53B564752CABE4BE001D2E50 /* Assets.xcassets */,
				53B564772CABE4BE001D2E50 /* LaunchScreen.storyboard */,
				53B5647A2CABE4BE001D2E50 /* Info.plist */,
				53B5649E2CABEB3E001D2E50 /* EmojiTableTableViewController.swift */,
				53B564A02CABED65001D2E50 /* Emoji.swift */,
			);
			path = EmojiDict;
			sourceTree = "<group>";
		};
		53B564822CABE4BF001D2E50 /* EmojiDictTests */ = {
			isa = PBXGroup;
			children = (
				53B564832CABE4BF001D2E50 /* EmojiDictTests.swift */,
			);
			path = EmojiDictTests;
			sourceTree = "<group>";
		};
		53B5648C2CABE4BF001D2E50 /* EmojiDictUITests */ = {
			isa = PBXGroup;
			children = (
				53B5648D2CABE4BF001D2E50 /* EmojiDictUITests.swift */,
				53B5648F2CABE4BF001D2E50 /* EmojiDictUITestsLaunchTests.swift */,
			);
			path = EmojiDictUITests;
			sourceTree = "<group>";
		};
/* End PBXGroup section */

/* Begin PBXNativeTarget section */
		53B564682CABE4BD001D2E50 /* EmojiDict */ = {
			isa = PBXNativeTarget;
			buildConfigurationList = 53B564932CABE4BF001D2E50 /* Build configuration list for PBXNativeTarget "EmojiDict" */;
			buildPhases = (
				53B564652CABE4BD001D2E50 /* Sources */,
				53B564662CABE4BD001D2E50 /* Frameworks */,
				53B564672CABE4BD001D2E50 /* Resources */,
			);
			buildRules = (
			);
			dependencies = (
			);
			name = EmojiDict;
			productName = EmojiDict;
			productReference = 53B564692CABE4BD001D2E50 /* EmojiDict.app */;
			productType = "com.apple.product-type.application";
		};
		53B5647E2CABE4BF001D2E50 /* EmojiDictTests */ = {
			isa = PBXNativeTarget;
			buildConfigurationList = 53B564962CABE4BF001D2E50 /* Build configuration list for PBXNativeTarget "EmojiDictTests" */;
			buildPhases = (
				53B5647B2CABE4BF001D2E50 /* Sources */,
				53B5647C2CABE4BF001D2E50 /* Frameworks */,
				53B5647D2CABE4BF001D2E50 /* Resources */,
			);
			buildRules = (
			);
			dependencies = (
				53B564812CABE4BF001D2E50 /* PBXTargetDependency */,
			);
			name = EmojiDictTests;
			productName = EmojiDictTests;
			productReference = 53B5647F2CABE4BF001D2E50 /* EmojiDictTests.xctest */;
			productType = "com.apple.product-type.bundle.unit-test";
		};
		53B564882CABE4BF001D2E50 /* EmojiDictUITests */ = {
			isa = PBXNativeTarget;
			buildConfigurationList = 53B564992CABE4BF001D2E50 /* Build configuration list for PBXNativeTarget "EmojiDictUITests" */;
			buildPhases = (
				53B564852CABE4BF001D2E50 /* Sources */,
				53B564862CABE4BF001D2E50 /* Frameworks */,
				53B564872CABE4BF001D2E50 /* Resources */,
			);
			buildRules = (
			);
			dependencies = (
				53B5648B2CABE4BF001D2E50 /* PBXTargetDependency */,
			);
			name = EmojiDictUITests;
			productName = EmojiDictUITests;
			productReference = 53B564892CABE4BF001D2E50 /* EmojiDictUITests.xctest */;
			productType = "com.apple.product-type.bundle.ui-testing";
		};
/* End PBXNativeTarget section */

/* Begin PBXProject section */
		53B564612CABE4BD001D2E50 /* Project object */ = {
			isa = PBXProject;
			attributes = {
				BuildIndependentTargetsInParallel = 1;
				LastSwiftUpdateCheck = 1540;
				LastUpgradeCheck = 1540;
				TargetAttributes = {
					53B564682CABE4BD001D2E50 = {
						CreatedOnToolsVersion = 15.4;
					};
					53B5647E2CABE4BF001D2E50 = {
						CreatedOnToolsVersion = 15.4;
						TestTargetID = 53B564682CABE4BD001D2E50;
					};
					53B564882CABE4BF001D2E50 = {
						CreatedOnToolsVersion = 15.4;
						TestTargetID = 53B564682CABE4BD001D2E50;
					};
				};
			};
			buildConfigurationList = 53B564642CABE4BD001D2E50 /* Build configuration list for PBXProject "EmojiDict" */;
			compatibilityVersion = "Xcode 14.0";
			developmentRegion = en;
			hasScannedForEncodings = 0;
			knownRegions = (
				en,
				Base,
			);
			mainGroup = 53B564602CABE4BD001D2E50;
			productRefGroup = 53B5646A2CABE4BD001D2E50 /* Products */;
			projectDirPath = "";
			projectRoot = "";
			targets = (
				53B564682CABE4BD001D2E50 /* EmojiDict */,
				53B5647E2CABE4BF001D2E50 /* EmojiDictTests */,
				53B564882CABE4BF001D2E50 /* EmojiDictUITests */,
			);
		};
/* End PBXProject section */

/* Begin PBXResourcesBuildPhase section */
		53B564672CABE4BD001D2E50 /* Resources */ = {
			isa = PBXResourcesBuildPhase;
			buildActionMask = 2147483647;
			files = (
				53B564762CABE4BE001D2E50 /* Assets.xcassets in Resources */,
				53B564792CABE4BE001D2E50 /* Base in Resources */,
				53B564742CABE4BD001D2E50 /* Base in Resources */,
			);
			runOnlyForDeploymentPostprocessing = 0;
		};
		53B5647D2CABE4BF001D2E50 /* Resources */ = {
			isa = PBXResourcesBuildPhase;
			buildActionMask = 2147483647;
			files = (
			);
			runOnlyForDeploymentPostprocessing = 0;
		};
		53B564872CABE4BF001D2E50 /* Resources */ = {
			isa = PBXResourcesBuildPhase;
			buildActionMask = 2147483647;
			files = (
			);
			runOnlyForDeploymentPostprocessing = 0;
		};
/* End PBXResourcesBuildPhase section */

/* Begin PBXSourcesBuildPhase section */
		53B564652CABE4BD001D2E50 /* Sources */ = {
			isa = PBXSourcesBuildPhase;
			buildActionMask = 2147483647;
			files = (
				53B5649F2CABEB3E001D2E50 /* EmojiTableTableViewController.swift in Sources */,
				53B5646D2CABE4BD001D2E50 /* AppDelegate.swift in Sources */,
				53B564A12CABED65001D2E50 /* Emoji.swift in Sources */,
				53B5646F2CABE4BD001D2E50 /* SceneDelegate.swift in Sources */,
			);
			runOnlyForDeploymentPostprocessing = 0;
		};
		53B5647B2CABE4BF001D2E50 /* Sources */ = {
			isa = PBXSourcesBuildPhase;
			buildActionMask = 2147483647;
			files = (
				53B564842CABE4BF001D2E50 /* EmojiDictTests.swift in Sources */,
			);
			runOnlyForDeploymentPostprocessing = 0;
		};
		53B564852CABE4BF001D2E50 /* Sources */ = {
			isa = PBXSourcesBuildPhase;
			buildActionMask = 2147483647;
			files = (
				53B5648E2CABE4BF001D2E50 /* EmojiDictUITests.swift in Sources */,
				53B564902CABE4BF001D2E50 /* EmojiDictUITestsLaunchTests.swift in Sources */,
			);
			runOnlyForDeploymentPostprocessing = 0;
		};
/* End PBXSourcesBuildPhase section */

/* Begin PBXTargetDependency section */
		53B564812CABE4BF001D2E50 /* PBXTargetDependency */ = {
			isa = PBXTargetDependency;
			target = 53B564682CABE4BD001D2E50 /* EmojiDict */;
			targetProxy = 53B564802CABE4BF001D2E50 /* PBXContainerItemProxy */;
		};
		53B5648B2CABE4BF001D2E50 /* PBXTargetDependency */ = {
			isa = PBXTargetDependency;
			target = 53B564682CABE4BD001D2E50 /* EmojiDict */;
			targetProxy = 53B5648A2CABE4BF001D2E50 /* PBXContainerItemProxy */;
		};
/* End PBXTargetDependency section */

/* Begin PBXVariantGroup section */
		53B564722CABE4BD001D2E50 /* Main.storyboard */ = {
			isa = PBXVariantGroup;
			children = (
				53B564732CABE4BD001D2E50 /* Base */,
			);
			name = Main.storyboard;
			sourceTree = "<group>";
		};
		53B564772CABE4BE001D2E50 /* LaunchScreen.storyboard */ = {
			isa = PBXVariantGroup;
			children = (
				53B564782CABE4BE001D2E50 /* Base */,
			);
			name = LaunchScreen.storyboard;
			sourceTree = "<group>";
		};
/* End PBXVariantGroup section */

/* Begin XCBuildConfiguration section */
		53B564912CABE4BF001D2E50 /* Debug */ = {
			isa = XCBuildConfiguration;
			buildSettings = {
				ALWAYS_SEARCH_USER_PATHS = NO;
				ASSETCATALOG_COMPILER_GENERATE_SWIFT_ASSET_SYMBOL_EXTENSIONS = YES;
				CLANG_ANALYZER_NONNULL = YES;
				CLANG_ANALYZER_NUMBER_OBJECT_CONVERSION = YES_AGGRESSIVE;
				CLANG_CXX_LANGUAGE_STANDARD = "gnu++20";
				CLANG_ENABLE_MODULES = YES;
				CLANG_ENABLE_OBJC_ARC = YES;
				CLANG_ENABLE_OBJC_WEAK = YES;
				CLANG_WARN_BLOCK_CAPTURE_AUTORELEASING = YES;
				CLANG_WARN_BOOL_CONVERSION = YES;
				CLANG_WARN_COMMA = YES;
				CLANG_WARN_CONSTANT_CONVERSION = YES;
				CLANG_WARN_DEPRECATED_OBJC_IMPLEMENTATIONS = YES;
				CLANG_WARN_DIRECT_OBJC_ISA_USAGE = YES_ERROR;
				CLANG_WARN_DOCUMENTATION_COMMENTS = YES;
				CLANG_WARN_EMPTY_BODY = YES;
				CLANG_WARN_ENUM_CONVERSION = YES;
				CLANG_WARN_INFINITE_RECURSION = YES;
				CLANG_WARN_INT_CONVERSION = YES;
				CLANG_WARN_NON_LITERAL_NULL_CONVERSION = YES;
				CLANG_WARN_OBJC_IMPLICIT_RETAIN_SELF = YES;
				CLANG_WARN_OBJC_LITERAL_CONVERSION = YES;
				CLANG_WARN_OBJC_ROOT_CLASS = YES_ERROR;
				CLANG_WARN_QUOTED_INCLUDE_IN_FRAMEWORK_HEADER = YES;
				CLANG_WARN_RANGE_LOOP_ANALYSIS = YES;
				CLANG_WARN_STRICT_PROTOTYPES = YES;
				CLANG_WARN_SUSPICIOUS_MOVE = YES;
				CLANG_WARN_UNGUARDED_AVAILABILITY = YES_AGGRESSIVE;
				CLANG_WARN_UNREACHABLE_CODE = YES;
				CLANG_WARN__DUPLICATE_METHOD_MATCH = YES;
				COPY_PHASE_STRIP = NO;
				DEBUG_INFORMATION_FORMAT = dwarf;
				ENABLE_STRICT_OBJC_MSGSEND = YES;
				ENABLE_TESTABILITY = YES;
				ENABLE_USER_SCRIPT_SANDBOXING = YES;
				GCC_C_LANGUAGE_STANDARD = gnu17;
				GCC_DYNAMIC_NO_PIC = NO;
				GCC_NO_COMMON_BLOCKS = YES;
				GCC_OPTIMIZATION_LEVEL = 0;
				GCC_PREPROCESSOR_DEFINITIONS = (
					"DEBUG=1",
					"$(inherited)",
				);
				GCC_WARN_64_TO_32_BIT_CONVERSION = YES;
				GCC_WARN_ABOUT_RETURN_TYPE = YES_ERROR;
				GCC_WARN_UNDECLARED_SELECTOR = YES;
				GCC_WARN_UNINITIALIZED_AUTOS = YES_AGGRESSIVE;
				GCC_WARN_UNUSED_FUNCTION = YES;
				GCC_WARN_UNUSED_VARIABLE = YES;
				IPHONEOS_DEPLOYMENT_TARGET = 17.5;
				LOCALIZATION_PREFERS_STRING_CATALOGS = YES;
				MTL_ENABLE_DEBUG_INFO = INCLUDE_SOURCE;
				MTL_FAST_MATH = YES;
				ONLY_ACTIVE_ARCH = YES;
				SDKROOT = iphoneos;
				SWIFT_ACTIVE_COMPILATION_CONDITIONS = "DEBUG $(inherited)";
				SWIFT_OPTIMIZATION_LEVEL = "-Onone";
			};
			name = Debug;
		};
		53B564922CABE4BF001D2E50 /* Release */ = {
			isa = XCBuildConfiguration;
			buildSettings = {
				ALWAYS_SEARCH_USER_PATHS = NO;
				ASSETCATALOG_COMPILER_GENERATE_SWIFT_ASSET_SYMBOL_EXTENSIONS = YES;
				CLANG_ANALYZER_NONNULL = YES;
				CLANG_ANALYZER_NUMBER_OBJECT_CONVERSION = YES_AGGRESSIVE;
				CLANG_CXX_LANGUAGE_STANDARD = "gnu++20";
				CLANG_ENABLE_MODULES = YES;
				CLANG_ENABLE_OBJC_ARC = YES;
				CLANG_ENABLE_OBJC_WEAK = YES;
				CLANG_WARN_BLOCK_CAPTURE_AUTORELEASING = YES;
				CLANG_WARN_BOOL_CONVERSION = YES;
				CLANG_WARN_COMMA = YES;
				CLANG_WARN_CONSTANT_CONVERSION = YES;
				CLANG_WARN_DEPRECATED_OBJC_IMPLEMENTATIONS = YES;
				CLANG_WARN_DIRECT_OBJC_ISA_USAGE = YES_ERROR;
				CLANG_WARN_DOCUMENTATION_COMMENTS = YES;
				CLANG_WARN_EMPTY_BODY = YES;
				CLANG_WARN_ENUM_CONVERSION = YES;
				CLANG_WARN_INFINITE_RECURSION = YES;
				CLANG_WARN_INT_CONVERSION = YES;
				CLANG_WARN_NON_LITERAL_NULL_CONVERSION = YES;
				CLANG_WARN_OBJC_IMPLICIT_RETAIN_SELF = YES;
				CLANG_WARN_OBJC_LITERAL_CONVERSION = YES;
				CLANG_WARN_OBJC_ROOT_CLASS = YES_ERROR;
				CLANG_WARN_QUOTED_INCLUDE_IN_FRAMEWORK_HEADER = YES;
				CLANG_WARN_RANGE_LOOP_ANALYSIS = YES;
				CLANG_WARN_STRICT_PROTOTYPES = YES;
				CLANG_WARN_SUSPICIOUS_MOVE = YES;
				CLANG_WARN_UNGUARDED_AVAILABILITY = YES_AGGRESSIVE;
				CLANG_WARN_UNREACHABLE_CODE = YES;
				CLANG_WARN__DUPLICATE_METHOD_MATCH = YES;
				COPY_PHASE_STRIP = NO;
				DEBUG_INFORMATION_FORMAT = "dwarf-with-dsym";
				ENABLE_NS_ASSERTIONS = NO;
				ENABLE_STRICT_OBJC_MSGSEND = YES;
				ENABLE_USER_SCRIPT_SANDBOXING = YES;
				GCC_C_LANGUAGE_STANDARD = gnu17;
				GCC_NO_COMMON_BLOCKS = YES;
				GCC_WARN_64_TO_32_BIT_CONVERSION = YES;
				GCC_WARN_ABOUT_RETURN_TYPE = YES_ERROR;
				GCC_WARN_UNDECLARED_SELECTOR = YES;
				GCC_WARN_UNINITIALIZED_AUTOS = YES_AGGRESSIVE;
				GCC_WARN_UNUSED_FUNCTION = YES;
				GCC_WARN_UNUSED_VARIABLE = YES;
				IPHONEOS_DEPLOYMENT_TARGET = 17.5;
				LOCALIZATION_PREFERS_STRING_CATALOGS = YES;
				MTL_ENABLE_DEBUG_INFO = NO;
				MTL_FAST_MATH = YES;
				SDKROOT = iphoneos;
				SWIFT_COMPILATION_MODE = wholemodule;
				VALIDATE_PRODUCT = YES;
			};
			name = Release;
		};
		53B564942CABE4BF001D2E50 /* Debug */ = {
			isa = XCBuildConfiguration;
			buildSettings = {
				ASSETCATALOG_COMPILER_APPICON_NAME = AppIcon;
				ASSETCATALOG_COMPILER_GLOBAL_ACCENT_COLOR_NAME = AccentColor;
				CODE_SIGN_STYLE = Automatic;
				CURRENT_PROJECT_VERSION = 1;
				GENERATE_INFOPLIST_FILE = YES;
				INFOPLIST_FILE = EmojiDict/Info.plist;
				INFOPLIST_KEY_UIApplicationSupportsIndirectInputEvents = YES;
				INFOPLIST_KEY_UILaunchStoryboardName = LaunchScreen;
				INFOPLIST_KEY_UIMainStoryboardFile = Main;
				INFOPLIST_KEY_UISupportedInterfaceOrientations_iPad = "UIInterfaceOrientationPortrait UIInterfaceOrientationPortraitUpsideDown UIInterfaceOrientationLandscapeLeft UIInterfaceOrientationLandscapeRight";
				INFOPLIST_KEY_UISupportedInterfaceOrientations_iPhone = "UIInterfaceOrientationPortrait UIInterfaceOrientationLandscapeLeft UIInterfaceOrientationLandscapeRight";
				LD_RUNPATH_SEARCH_PATHS = (
					"$(inherited)",
					"@executable_path/Frameworks",
				);
				MARKETING_VERSION = 1.0;
				PRODUCT_BUNDLE_IDENTIFIER = hello.EmojiDict;
				PRODUCT_NAME = "$(TARGET_NAME)";
				SWIFT_EMIT_LOC_STRINGS = YES;
				SWIFT_VERSION = 5.0;
				TARGETED_DEVICE_FAMILY = "1,2";
			};
			name = Debug;
		};
		53B564952CABE4BF001D2E50 /* Release */ = {
			isa = XCBuildConfiguration;
			buildSettings = {
				ASSETCATALOG_COMPILER_APPICON_NAME = AppIcon;
				ASSETCATALOG_COMPILER_GLOBAL_ACCENT_COLOR_NAME = AccentColor;
				CODE_SIGN_STYLE = Automatic;
				CURRENT_PROJECT_VERSION = 1;
				GENERATE_INFOPLIST_FILE = YES;
				INFOPLIST_FILE = EmojiDict/Info.plist;
				INFOPLIST_KEY_UIApplicationSupportsIndirectInputEvents = YES;
				INFOPLIST_KEY_UILaunchStoryboardName = LaunchScreen;
				INFOPLIST_KEY_UIMainStoryboardFile = Main;
				INFOPLIST_KEY_UISupportedInterfaceOrientations_iPad = "UIInterfaceOrientationPortrait UIInterfaceOrientationPortraitUpsideDown UIInterfaceOrientationLandscapeLeft UIInterfaceOrientationLandscapeRight";
				INFOPLIST_KEY_UISupportedInterfaceOrientations_iPhone = "UIInterfaceOrientationPortrait UIInterfaceOrientationLandscapeLeft UIInterfaceOrientationLandscapeRight";
				LD_RUNPATH_SEARCH_PATHS = (
					"$(inherited)",
					"@executable_path/Frameworks",
				);
				MARKETING_VERSION = 1.0;
				PRODUCT_BUNDLE_IDENTIFIER = hello.EmojiDict;
				PRODUCT_NAME = "$(TARGET_NAME)";
				SWIFT_EMIT_LOC_STRINGS = YES;
				SWIFT_VERSION = 5.0;
				TARGETED_DEVICE_FAMILY = "1,2";
			};
			name = Release;
		};
		53B564972CABE4BF001D2E50 /* Debug */ = {
			isa = XCBuildConfiguration;
			buildSettings = {
				ALWAYS_EMBED_SWIFT_STANDARD_LIBRARIES = YES;
				BUNDLE_LOADER = "$(TEST_HOST)";
				CODE_SIGN_STYLE = Automatic;
				CURRENT_PROJECT_VERSION = 1;
				GENERATE_INFOPLIST_FILE = YES;
				IPHONEOS_DEPLOYMENT_TARGET = 17.5;
				MARKETING_VERSION = 1.0;
				PRODUCT_BUNDLE_IDENTIFIER = hello.EmojiDictTests;
				PRODUCT_NAME = "$(TARGET_NAME)";
				SWIFT_EMIT_LOC_STRINGS = NO;
				SWIFT_VERSION = 5.0;
				TARGETED_DEVICE_FAMILY = "1,2";
				TEST_HOST = "$(BUILT_PRODUCTS_DIR)/EmojiDict.app/$(BUNDLE_EXECUTABLE_FOLDER_PATH)/EmojiDict";
			};
			name = Debug;
		};
		53B564982CABE4BF001D2E50 /* Release */ = {
			isa = XCBuildConfiguration;
			buildSettings = {
				ALWAYS_EMBED_SWIFT_STANDARD_LIBRARIES = YES;
				BUNDLE_LOADER = "$(TEST_HOST)";
				CODE_SIGN_STYLE = Automatic;
				CURRENT_PROJECT_VERSION = 1;
				GENERATE_INFOPLIST_FILE = YES;
				IPHONEOS_DEPLOYMENT_TARGET = 17.5;
				MARKETING_VERSION = 1.0;
				PRODUCT_BUNDLE_IDENTIFIER = hello.EmojiDictTests;
				PRODUCT_NAME = "$(TARGET_NAME)";
				SWIFT_EMIT_LOC_STRINGS = NO;
				SWIFT_VERSION = 5.0;
				TARGETED_DEVICE_FAMILY = "1,2";
				TEST_HOST = "$(BUILT_PRODUCTS_DIR)/EmojiDict.app/$(BUNDLE_EXECUTABLE_FOLDER_PATH)/EmojiDict";
			};
			name = Release;
		};
		53B5649A2CABE4BF001D2E50 /* Debug */ = {
			isa = XCBuildConfiguration;
			buildSettings = {
				ALWAYS_EMBED_SWIFT_STANDARD_LIBRARIES = YES;
				CODE_SIGN_STYLE = Automatic;
				CURRENT_PROJECT_VERSION = 1;
				GENERATE_INFOPLIST_FILE = YES;
				MARKETING_VERSION = 1.0;
				PRODUCT_BUNDLE_IDENTIFIER = hello.EmojiDictUITests;
				PRODUCT_NAME = "$(TARGET_NAME)";
				SWIFT_EMIT_LOC_STRINGS = NO;
				SWIFT_VERSION = 5.0;
				TARGETED_DEVICE_FAMILY = "1,2";
				TEST_TARGET_NAME = EmojiDict;
			};
			name = Debug;
		};
		53B5649B2CABE4BF001D2E50 /* Release */ = {
			isa = XCBuildConfiguration;
			buildSettings = {
				ALWAYS_EMBED_SWIFT_STANDARD_LIBRARIES = YES;
				CODE_SIGN_STYLE = Automatic;
				CURRENT_PROJECT_VERSION = 1;
				GENERATE_INFOPLIST_FILE = YES;
				MARKETING_VERSION = 1.0;
				PRODUCT_BUNDLE_IDENTIFIER = hello.EmojiDictUITests;
				PRODUCT_NAME = "$(TARGET_NAME)";
				SWIFT_EMIT_LOC_STRINGS = NO;
				SWIFT_VERSION = 5.0;
				TARGETED_DEVICE_FAMILY = "1,2";
				TEST_TARGET_NAME = EmojiDict;
			};
			name = Release;
		};
/* End XCBuildConfiguration section */

/* Begin XCConfigurationList section */
		53B564642CABE4BD001D2E50 /* Build configuration list for PBXProject "EmojiDict" */ = {
			isa = XCConfigurationList;
			buildConfigurations = (
				53B564912CABE4BF001D2E50 /* Debug */,
				53B564922CABE4BF001D2E50 /* Release */,
			);
			defaultConfigurationIsVisible = 0;
			defaultConfigurationName = Release;
		};
		53B564932CABE4BF001D2E50 /* Build configuration list for PBXNativeTarget "EmojiDict" */ = {
			isa = XCConfigurationList;
			buildConfigurations = (
				53B564942CABE4BF001D2E50 /* Debug */,
				53B564952CABE4BF001D2E50 /* Release */,
			);
			defaultConfigurationIsVisible = 0;
			defaultConfigurationName = Release;
		};
		53B564962CABE4BF001D2E50 /* Build configuration list for PBXNativeTarget "EmojiDictTests" */ = {
			isa = XCConfigurationList;
			buildConfigurations = (
				53B564972CABE4BF001D2E50 /* Debug */,
				53B564982CABE4BF001D2E50 /* Release */,
			);
			defaultConfigurationIsVisible = 0;
			defaultConfigurationName = Release;
		};
		53B564992CABE4BF001D2E50 /* Build configuration list for PBXNativeTarget "EmojiDictUITests" */ = {
			isa = XCConfigurationList;
			buildConfigurations = (
				53B5649A2CABE4BF001D2E50 /* Debug */,
				53B5649B2CABE4BF001D2E50 /* Release */,
			);
			defaultConfigurationIsVisible = 0;
			defaultConfigurationName = Release;
		};
/* End XCConfigurationList section */
	};
	rootObject = 53B564612CABE4BD001D2E50 /* Project object */;
}
